
Microsoft Visual Studio Solution File, Format Version 12.00
# Visual Studio Version 16
VisualStudioVersion = 16.0.33027.164
MinimumVisualStudioVersion = 10.0.40219.1
Project("{FAE04EC0-301F-11D3-BF4B-00C04F79EFBC}") = "interface_calculator", "interface_calculator\interface_calculator.csproj", "{4CC14FB4-ED38-4EC5-AB79-1A10869EE245}"
EndProject
Global
	GlobalSection(SolutionConfigurationPlatforms) = preSolution
		Debug|Any CPU = Debug|Any CPU
		Release|Any CPU = Release|Any CPU
	EndGlobalSection
	GlobalSection(ProjectConfigurationPlatforms) = postSolution
		{4CC14FB4-ED38-4EC5-AB79-1A10869EE245}.Debug|Any CPU.ActiveCfg = Debug|Any CPU
		{4CC14FB4-ED38-4EC5-AB79-1A10869EE245}.Debug|Any CPU.Build.0 = Debug|Any CPU
		{4CC14FB4-ED38-4EC5-AB79-1A10869EE245}.Release|Any CPU.ActiveCfg = Release|Any CPU
		{4CC14FB4-ED38-4EC5-AB79-1A10869EE245}.Release|Any CPU.Build.0 = Release|Any CPU
	EndGlobalSection
	GlobalSection(SolutionProperties) = preSolution
		HideSolutionNode = FALSE
	EndGlobalSection
	GlobalSection(ExtensibilityGlobals) = postSolution
		SolutionGuid = {C50718ED-DA5F-4097-9A08-B37CE04349E4}
	EndGlobalSection
EndGlobal
